
Microsoft Visual Studio Solution File, Format Version 12.00
# Visual Studio Version 17
VisualStudioVersion = 17.13.35806.99
MinimumVisualStudioVersion = 10.0.40219.1
Project("{FAE04EC0-301F-11D3-BF4B-00C04F79EFBC}") = "test", "test\test.csproj", "{23593277-DD56-46F6-AFEF-B6FAC477E59A}"
EndProject
Global
	GlobalSection(SolutionConfigurationPlatforms) = preSolution
		Debug|Any CPU = Debug|Any CPU
		Release|Any CPU = Release|Any CPU
	EndGlobalSection
	GlobalSection(ProjectConfigurationPlatforms) = postSolution
		{23593277-DD56-46F6-AFEF-B6FAC477E59A}.Debug|Any CPU.ActiveCfg = Debug|Any CPU
		{23593277-DD56-46F6-AFEF-B6FAC477E59A}.Debug|Any CPU.Build.0 = Debug|Any CPU
		{23593277-DD56-46F6-AFEF-B6FAC477E59A}.Release|Any CPU.ActiveCfg = Release|Any CPU
		{23593277-DD56-46F6-AFEF-B6FAC477E59A}.Release|Any CPU.Build.0 = Release|Any CPU
	EndGlobalSection
	GlobalSection(SolutionProperties) = preSolution
		HideSolutionNode = FALSE
	EndGlobalSection
	GlobalSection(ExtensibilityGlobals) = postSolution
		SolutionGuid = {B881FCC1-93EE-4523-BCE2-79EB5B8CB8C9}
	EndGlobalSection
EndGlobal
